
Microsoft Visual Studio Solution File, Format Version 12.00
# Visual Studio 14
VisualStudioVersion = 14.0.25420.1
MinimumVisualStudioVersion = 10.0.40219.1
Project("{2150E333-8FDC-42A3-9474-1A3956D46DE8}") = "Client", "Client", "{E388C086-D621-4687-B8CF-B041FFB759EC}"
EndProject
Project("{2150E333-8FDC-42A3-9474-1A3956D46DE8}") = "Server", "Server", "{E9419354-EBB9-4A5A-AD9B-5386BB4195EC}"
EndProject
Project("{2150E333-8FDC-42A3-9474-1A3956D46DE8}") = "Vendor", "Vendor", "{C025875C-F80B-4AA9-AF7B-7C6C122761B6}"
EndProject
Project("{8BC9CEB8-8B4A-11D0-8D11-00A0C91BC942}") = "Client.LauncherCEF", "Client\LauncherCEF\LauncherCEF.vcxproj", "{E00B6DA6-DC21-46D5-8D4A-0C4AE00B2E3A}"
	ProjectSection(ProjectDependencies) = postProject
		{AE8009CB-1D72-4F7E-B8E6-80E8764BCB76} = {AE8009CB-1D72-4F7E-B8E6-80E8764BCB76}
	EndProjectSection
EndProject
Project("{8BC9CEB8-8B4A-11D0-8D11-00A0C91BC942}") = "Vendor.CEF", "Vendor\CEF\CEF.vcxproj", "{AE8009CB-1D72-4F7E-B8E6-80E8764BCB76}"
EndProject
Project("{2150E333-8FDC-42A3-9474-1A3956D46DE8}") = "API", "API", "{88800344-6139-43B7-A387-E057594FF685}"
EndProject
Project("{8BC9CEB8-8B4A-11D0-8D11-00A0C91BC942}") = "API.Lua", "API\Lua\Lua.vcxproj", "{235D1887-3CD7-4754-963A-1BD2EAD55991}"
EndProject
Project("{8BC9CEB8-8B4A-11D0-8D11-00A0C91BC942}") = "Server.Launcher", "Server\Launcher\Launcher.vcxproj", "{1B1F7FB3-574F-4221-BEDD-F8009199BF07}"
	ProjectSection(ProjectDependencies) = postProject
		{AFA8FD43-8C13-4708-B1C7-DFA7E2E9DB3D} = {AFA8FD43-8C13-4708-B1C7-DFA7E2E9DB3D}
	EndProjectSection
EndProject
Project("{2150E333-8FDC-42A3-9474-1A3956D46DE8}") = "Shared", "Shared", "{0950D899-A041-46F3-AA49-80E584460F5B}"
	ProjectSection(SolutionItems) = preProject
		Shared\CMaths.h = Shared\CMaths.h
		Shared\Common.h = Shared\Common.h
		Shared\CVector3.h = Shared\CVector3.h
		Shared\CVector4.h = Shared\CVector4.h
		Shared\SharedUtility.cpp = Shared\SharedUtility.cpp
		Shared\SharedUtility.hpp = Shared\SharedUtility.hpp
	EndProjectSection
EndProject
Project("{8BC9CEB8-8B4A-11D0-8D11-00A0C91BC942}") = "Vendor.RakNet", "Vendor\RakNet\RakNet.vcxproj", "{AFA8FD43-8C13-4708-B1C7-DFA7E2E9DB3D}"
EndProject
Project("{8BC9CEB8-8B4A-11D0-8D11-00A0C91BC942}") = "Client.Launcher", "Client\Launcher\Launcher.vcxproj", "{B1314700-0992-4BA9-9B4A-E2E545C4B96C}"
	ProjectSection(ProjectDependencies) = postProject
		{06728EDA-2BE7-44DA-BEE7-725AC9137FA9} = {06728EDA-2BE7-44DA-BEE7-725AC9137FA9}
	EndProjectSection
EndProject
Project("{8BC9CEB8-8B4A-11D0-8D11-00A0C91BC942}") = "Client.Core", "Client\Core\Core.vcxproj", "{06728EDA-2BE7-44DA-BEE7-725AC9137FA9}"
	ProjectSection(ProjectDependencies) = postProject
		{AFA8FD43-8C13-4708-B1C7-DFA7E2E9DB3D} = {AFA8FD43-8C13-4708-B1C7-DFA7E2E9DB3D}
		{C08B48E9-EF6B-4639-B71D-C4F93B839DA0} = {C08B48E9-EF6B-4639-B71D-C4F93B839DA0}
	EndProjectSection
EndProject
Project("{8BC9CEB8-8B4A-11D0-8D11-00A0C91BC942}") = "Vendor.MinHook", "Vendor\MinHook\MinHook.vcxproj", "{C08B48E9-EF6B-4639-B71D-C4F93B839DA0}"
EndProject
Project("{2150E333-8FDC-42A3-9474-1A3956D46DE8}") = "Tests", "Tests", "{B45ABA37-5234-44B3-88C8-5FCE2A280A6E}"
EndProject
Project("{8BC9CEB8-8B4A-11D0-8D11-00A0C91BC942}") = "Tests.v8test", "Tests\v8test\v8test.vcxproj", "{828F4EFD-DA5C-4064-9361-BD6212DE8976}"
EndProject
Project("{8BC9CEB8-8B4A-11D0-8D11-00A0C91BC942}") = "Vendor.V8", "Vendor\V8\V8.vcxproj", "{9A186FE5-6FD2-441B-961E-61490946D9DA}"
EndProject
Global
	GlobalSection(SolutionConfigurationPlatforms) = preSolution
		Debug|x64 = Debug|x64
		Debug|x86 = Debug|x86
		Release|x64 = Release|x64
		Release|x86 = Release|x86
	EndGlobalSection
	GlobalSection(ProjectConfigurationPlatforms) = postSolution
		{E00B6DA6-DC21-46D5-8D4A-0C4AE00B2E3A}.Debug|x64.ActiveCfg = Debug|x64
		{E00B6DA6-DC21-46D5-8D4A-0C4AE00B2E3A}.Debug|x64.Build.0 = Debug|x64
		{E00B6DA6-DC21-46D5-8D4A-0C4AE00B2E3A}.Debug|x86.ActiveCfg = Debug|x64
		{E00B6DA6-DC21-46D5-8D4A-0C4AE00B2E3A}.Debug|x86.Build.0 = Debug|x64
		{E00B6DA6-DC21-46D5-8D4A-0C4AE00B2E3A}.Release|x64.ActiveCfg = Release|x64
		{E00B6DA6-DC21-46D5-8D4A-0C4AE00B2E3A}.Release|x64.Build.0 = Release|x64
		{E00B6DA6-DC21-46D5-8D4A-0C4AE00B2E3A}.Release|x86.ActiveCfg = Release|x64
		{E00B6DA6-DC21-46D5-8D4A-0C4AE00B2E3A}.Release|x86.Build.0 = Release|x64
		{AE8009CB-1D72-4F7E-B8E6-80E8764BCB76}.Debug|x64.ActiveCfg = Debug|x64
		{AE8009CB-1D72-4F7E-B8E6-80E8764BCB76}.Debug|x64.Build.0 = Debug|x64
		{AE8009CB-1D72-4F7E-B8E6-80E8764BCB76}.Debug|x86.ActiveCfg = Debug|x64
		{AE8009CB-1D72-4F7E-B8E6-80E8764BCB76}.Debug|x86.Build.0 = Debug|x64
		{AE8009CB-1D72-4F7E-B8E6-80E8764BCB76}.Release|x64.ActiveCfg = Release|x64
		{AE8009CB-1D72-4F7E-B8E6-80E8764BCB76}.Release|x64.Build.0 = Release|x64
		{AE8009CB-1D72-4F7E-B8E6-80E8764BCB76}.Release|x86.ActiveCfg = Release|x64
		{AE8009CB-1D72-4F7E-B8E6-80E8764BCB76}.Release|x86.Build.0 = Release|x64
		{235D1887-3CD7-4754-963A-1BD2EAD55991}.Debug|x64.ActiveCfg = Debug|x64
		{235D1887-3CD7-4754-963A-1BD2EAD55991}.Debug|x64.Build.0 = Debug|x64
		{235D1887-3CD7-4754-963A-1BD2EAD55991}.Debug|x86.ActiveCfg = Debug|Win32
		{235D1887-3CD7-4754-963A-1BD2EAD55991}.Debug|x86.Build.0 = Debug|Win32
		{235D1887-3CD7-4754-963A-1BD2EAD55991}.Release|x64.ActiveCfg = Release|x64
		{235D1887-3CD7-4754-963A-1BD2EAD55991}.Release|x64.Build.0 = Release|x64
		{235D1887-3CD7-4754-963A-1BD2EAD55991}.Release|x86.ActiveCfg = Release|Win32
		{235D1887-3CD7-4754-963A-1BD2EAD55991}.Release|x86.Build.0 = Release|Win32
		{1B1F7FB3-574F-4221-BEDD-F8009199BF07}.Debug|x64.ActiveCfg = Debug|x64
		{1B1F7FB3-574F-4221-BEDD-F8009199BF07}.Debug|x64.Build.0 = Debug|x64
		{1B1F7FB3-574F-4221-BEDD-F8009199BF07}.Debug|x86.ActiveCfg = Debug|Win32
		{1B1F7FB3-574F-4221-BEDD-F8009199BF07}.Debug|x86.Build.0 = Debug|Win32
		{1B1F7FB3-574F-4221-BEDD-F8009199BF07}.Release|x64.ActiveCfg = Release|x64
		{1B1F7FB3-574F-4221-BEDD-F8009199BF07}.Release|x64.Build.0 = Release|x64
		{1B1F7FB3-574F-4221-BEDD-F8009199BF07}.Release|x86.ActiveCfg = Release|Win32
		{1B1F7FB3-574F-4221-BEDD-F8009199BF07}.Release|x86.Build.0 = Release|Win32
		{AFA8FD43-8C13-4708-B1C7-DFA7E2E9DB3D}.Debug|x64.ActiveCfg = Debug|x64
		{AFA8FD43-8C13-4708-B1C7-DFA7E2E9DB3D}.Debug|x64.Build.0 = Debug|x64
		{AFA8FD43-8C13-4708-B1C7-DFA7E2E9DB3D}.Debug|x86.ActiveCfg = Debug|Win32
		{AFA8FD43-8C13-4708-B1C7-DFA7E2E9DB3D}.Debug|x86.Build.0 = Debug|Win32
		{AFA8FD43-8C13-4708-B1C7-DFA7E2E9DB3D}.Release|x64.ActiveCfg = Release|x64
		{AFA8FD43-8C13-4708-B1C7-DFA7E2E9DB3D}.Release|x64.Build.0 = Release|x64
		{AFA8FD43-8C13-4708-B1C7-DFA7E2E9DB3D}.Release|x86.ActiveCfg = Release|Win32
		{AFA8FD43-8C13-4708-B1C7-DFA7E2E9DB3D}.Release|x86.Build.0 = Release|Win32
		{B1314700-0992-4BA9-9B4A-E2E545C4B96C}.Debug|x64.ActiveCfg = Debug|x64
		{B1314700-0992-4BA9-9B4A-E2E545C4B96C}.Debug|x64.Build.0 = Debug|x64
		{B1314700-0992-4BA9-9B4A-E2E545C4B96C}.Debug|x86.ActiveCfg = Debug|x64
		{B1314700-0992-4BA9-9B4A-E2E545C4B96C}.Debug|x86.Build.0 = Debug|x64
		{B1314700-0992-4BA9-9B4A-E2E545C4B96C}.Release|x64.ActiveCfg = Release|x64
		{B1314700-0992-4BA9-9B4A-E2E545C4B96C}.Release|x64.Build.0 = Release|x64
		{B1314700-0992-4BA9-9B4A-E2E545C4B96C}.Release|x86.ActiveCfg = Release|x64
		{B1314700-0992-4BA9-9B4A-E2E545C4B96C}.Release|x86.Build.0 = Release|x64
		{06728EDA-2BE7-44DA-BEE7-725AC9137FA9}.Debug|x64.ActiveCfg = Debug|x64
		{06728EDA-2BE7-44DA-BEE7-725AC9137FA9}.Debug|x64.Build.0 = Debug|x64
		{06728EDA-2BE7-44DA-BEE7-725AC9137FA9}.Debug|x86.ActiveCfg = Debug|x64
		{06728EDA-2BE7-44DA-BEE7-725AC9137FA9}.Debug|x86.Build.0 = Debug|x64
		{06728EDA-2BE7-44DA-BEE7-725AC9137FA9}.Release|x64.ActiveCfg = Release|x64
		{06728EDA-2BE7-44DA-BEE7-725AC9137FA9}.Release|x64.Build.0 = Release|x64
		{06728EDA-2BE7-44DA-BEE7-725AC9137FA9}.Release|x86.ActiveCfg = Release|x64
		{06728EDA-2BE7-44DA-BEE7-725AC9137FA9}.Release|x86.Build.0 = Release|x64
		{C08B48E9-EF6B-4639-B71D-C4F93B839DA0}.Debug|x64.ActiveCfg = Debug|x64
		{C08B48E9-EF6B-4639-B71D-C4F93B839DA0}.Debug|x64.Build.0 = Debug|x64
		{C08B48E9-EF6B-4639-B71D-C4F93B839DA0}.Debug|x86.ActiveCfg = Debug|Win32
		{C08B48E9-EF6B-4639-B71D-C4F93B839DA0}.Debug|x86.Build.0 = Debug|Win32
		{C08B48E9-EF6B-4639-B71D-C4F93B839DA0}.Release|x64.ActiveCfg = Release|x64
		{C08B48E9-EF6B-4639-B71D-C4F93B839DA0}.Release|x64.Build.0 = Release|x64
		{C08B48E9-EF6B-4639-B71D-C4F93B839DA0}.Release|x86.ActiveCfg = Release|Win32
		{C08B48E9-EF6B-4639-B71D-C4F93B839DA0}.Release|x86.Build.0 = Release|Win32
		{828F4EFD-DA5C-4064-9361-BD6212DE8976}.Debug|x64.ActiveCfg = Debug|x64
		{828F4EFD-DA5C-4064-9361-BD6212DE8976}.Debug|x64.Build.0 = Debug|x64
		{828F4EFD-DA5C-4064-9361-BD6212DE8976}.Debug|x86.ActiveCfg = Debug|Win32
		{828F4EFD-DA5C-4064-9361-BD6212DE8976}.Debug|x86.Build.0 = Debug|Win32
		{828F4EFD-DA5C-4064-9361-BD6212DE8976}.Release|x64.ActiveCfg = Release|x64
		{828F4EFD-DA5C-4064-9361-BD6212DE8976}.Release|x64.Build.0 = Release|x64
		{828F4EFD-DA5C-4064-9361-BD6212DE8976}.Release|x86.ActiveCfg = Release|Win32
		{828F4EFD-DA5C-4064-9361-BD6212DE8976}.Release|x86.Build.0 = Release|Win32
		{9A186FE5-6FD2-441B-961E-61490946D9DA}.Debug|x64.ActiveCfg = Debug|x64
		{9A186FE5-6FD2-441B-961E-61490946D9DA}.Debug|x64.Build.0 = Debug|x64
		{9A186FE5-6FD2-441B-961E-61490946D9DA}.Debug|x86.ActiveCfg = Debug|Win32
		{9A186FE5-6FD2-441B-961E-61490946D9DA}.Debug|x86.Build.0 = Debug|Win32
		{9A186FE5-6FD2-441B-961E-61490946D9DA}.Release|x64.ActiveCfg = Release|x64
		{9A186FE5-6FD2-441B-961E-61490946D9DA}.Release|x64.Build.0 = Release|x64
		{9A186FE5-6FD2-441B-961E-61490946D9DA}.Release|x86.ActiveCfg = Release|Win32
		{9A186FE5-6FD2-441B-961E-61490946D9DA}.Release|x86.Build.0 = Release|Win32
	EndGlobalSection
	GlobalSection(SolutionProperties) = preSolution
		HideSolutionNode = FALSE
	EndGlobalSection
	GlobalSection(NestedProjects) = preSolution
		{E00B6DA6-DC21-46D5-8D4A-0C4AE00B2E3A} = {E388C086-D621-4687-B8CF-B041FFB759EC}
		{AE8009CB-1D72-4F7E-B8E6-80E8764BCB76} = {C025875C-F80B-4AA9-AF7B-7C6C122761B6}
		{235D1887-3CD7-4754-963A-1BD2EAD55991} = {88800344-6139-43B7-A387-E057594FF685}
		{1B1F7FB3-574F-4221-BEDD-F8009199BF07} = {E9419354-EBB9-4A5A-AD9B-5386BB4195EC}
		{AFA8FD43-8C13-4708-B1C7-DFA7E2E9DB3D} = {C025875C-F80B-4AA9-AF7B-7C6C122761B6}
		{B1314700-0992-4BA9-9B4A-E2E545C4B96C} = {E388C086-D621-4687-B8CF-B041FFB759EC}
		{06728EDA-2BE7-44DA-BEE7-725AC9137FA9} = {E388C086-D621-4687-B8CF-B041FFB759EC}
		{C08B48E9-EF6B-4639-B71D-C4F93B839DA0} = {C025875C-F80B-4AA9-AF7B-7C6C122761B6}
		{828F4EFD-DA5C-4064-9361-BD6212DE8976} = {B45ABA37-5234-44B3-88C8-5FCE2A280A6E}
		{9A186FE5-6FD2-441B-961E-61490946D9DA} = {C025875C-F80B-4AA9-AF7B-7C6C122761B6}
	EndGlobalSection
EndGlobal
