<?xml version="1.0" encoding="utf-8"?>
<Project ToolsVersion="4.0" xmlns="http://schemas.microsoft.com/developer/msbuild/2003">
  <ItemGroup>
    <ClCompile Include="api.cpp" />
  </ItemGroup>
  <ItemGroup>
    <Filter Include="SDK">
      <UniqueIdentifier>{a7d41232-faa1-4fc7-b81c-befc7a001548}</UniqueIdentifier>
    </Filter>
  </ItemGroup>
  <ItemGroup>
    <ClInclude Include="sdk\APIEntity.h">
      <Filter>SDK</Filter>
    </ClInclude>
    <ClInclude Include="sdk\APIServer.h">
      <Filter>SDK</Filter>
    </ClInclude>
    <ClInclude Include="sdk\APIVehicle.h">
      <Filter>SDK</Filter>
    </ClInclude>
    <ClInclude Include="sdk\APIVisual.h">
      <Filter>SDK</Filter>
    </ClInclude>
    <ClInclude Include="sdk\APIWorld.h">
      <Filter>SDK</Filter>
    </ClInclude>
    <ClInclude Include="sdk\CMaths.h">
      <Filter>SDK</Filter>
    </ClInclude>
    <ClInclude Include="sdk\CVector3.h">
      <Filter>SDK</Filter>
    </ClInclude>
    <ClInclude Include="sdk\CVector4.h">
      <Filter>SDK</Filter>
    </ClInclude>
    <ClInclude Include="api.h" />
    <ClInclude Include="sdk\APIPlayer.h">
      <Filter>SDK</Filter>
    </ClInclude>
    <ClInclude Include="sdk\APIObject.h">
      <Filter>SDK</Filter>
    </ClInclude>
    <ClInclude Include="sdk\APINpc.h">
      <Filter>SDK</Filter>
    </ClInclude>
    <ClInclude Include="sdk\APICheckpoint.h">
      <Filter>SDK</Filter>
    </ClInclude>
    <ClInclude Include="sdk\Structs.h">
      <Filter>SDK</Filter>
    </ClInclude>
  </ItemGroup>
</Project>