<?xml version="1.0" encoding="utf-8"?>
<Project ToolsVersion="4.0" xmlns="http://schemas.microsoft.com/developer/msbuild/2003">
  <ItemGroup>
    <Filter Include="Common">
      <UniqueIdentifier>{d0a7c0c7-e789-4a0b-870a-e3b93059a04e}</UniqueIdentifier>
    </Filter>
    <Filter Include="Include">
      <UniqueIdentifier>{6d148f97-a402-4b04-8c40-fefb0f2bf2f1}</UniqueIdentifier>
    </Filter>
    <Filter Include="Hooks">
      <UniqueIdentifier>{201352f6-fb01-4cd7-bbed-efdc1063e6d4}</UniqueIdentifier>
    </Filter>
    <Filter Include="Hooks\SudoMod">
      <UniqueIdentifier>{a424b7d2-45ea-4e2a-8d9b-f8886b78304b}</UniqueIdentifier>
    </Filter>
    <Filter Include="Hooks\SudoMod\Structs">
      <UniqueIdentifier>{3cfc1228-5717-43ed-a4f9-7134a46bd699}</UniqueIdentifier>
    </Filter>
    <Filter Include="Network">
      <UniqueIdentifier>{5bc3601d-10be-4ffc-9bd3-ba1ef8ee8186}</UniqueIdentifier>
    </Filter>
    <Filter Include="Game">
      <UniqueIdentifier>{20a0455a-8453-4734-9b24-dcb213a83354}</UniqueIdentifier>
    </Filter>
    <Filter Include="Graphics">
      <UniqueIdentifier>{17c376e7-2302-44f8-997e-c5de4a72c7eb}</UniqueIdentifier>
    </Filter>
    <Filter Include="Client">
      <UniqueIdentifier>{0418d678-5ce0-439d-b4ae-fef5f594f530}</UniqueIdentifier>
    </Filter>
    <Filter Include="Entity">
      <UniqueIdentifier>{7b27c7c2-80d5-4d5d-85dc-d57118cc2325}</UniqueIdentifier>
    </Filter>
    <Filter Include="Include\INIReader">
      <UniqueIdentifier>{7a1ff569-7c60-4765-99f2-3e73688c92af}</UniqueIdentifier>
    </Filter>
    <Filter Include="Graphics\UI">
      <UniqueIdentifier>{f0d4ee51-5441-4b0a-b5d3-bfbe75ed6a16}</UniqueIdentifier>
    </Filter>
    <Filter Include="Graphics\UI\CEF">
      <UniqueIdentifier>{5f610539-5e0c-4e20-ac2f-f58a9ae3eb12}</UniqueIdentifier>
    </Filter>
    <Filter Include="Graphics\DirectX 11">
      <UniqueIdentifier>{c7037e18-e660-4c4f-9081-88b505706c48}</UniqueIdentifier>
    </Filter>
    <Filter Include="Graphics\UI\ImGui">
      <UniqueIdentifier>{968a08da-2dec-4f3f-aa7f-a56bf7a8e8f6}</UniqueIdentifier>
    </Filter>
    <Filter Include="Network\RPC">
      <UniqueIdentifier>{f88e65bc-0bf1-47f3-90d9-b684c02a0b14}</UniqueIdentifier>
    </Filter>
    <Filter Include="Hooks\SudoMod\Custom">
      <UniqueIdentifier>{8e82fbbc-41f0-47ab-b6ee-1d3c2ca3c7ee}</UniqueIdentifier>
    </Filter>
  </ItemGroup>
  <ItemGroup>
    <ClCompile Include="Main.cpp">
      <Filter>Common</Filter>
    </ClCompile>
    <ClCompile Include="stdafx.cpp">
      <Filter>Include</Filter>
    </ClCompile>
    <ClCompile Include="Hooking.cpp">
      <Filter>Hooks\SudoMod</Filter>
    </ClCompile>
    <ClCompile Include="NativeInvoker.cpp">
      <Filter>Hooks\SudoMod</Filter>
    </ClCompile>
    <ClCompile Include="Logger.cpp">
      <Filter>Hooks\SudoMod</Filter>
    </ClCompile>
    <ClCompile Include="CrossMapping.cpp">
      <Filter>Hooks\SudoMod</Filter>
    </ClCompile>
    <ClCompile Include="Memory.cpp">
      <Filter>Hooks\SudoMod</Filter>
    </ClCompile>
    <ClCompile Include="InputHook.cpp">
      <Filter>Hooks\SudoMod</Filter>
    </ClCompile>
    <ClCompile Include="Keyboard.cpp">
      <Filter>Hooks\SudoMod</Filter>
    </ClCompile>
    <ClCompile Include="Script.cpp">
      <Filter>Hooks\SudoMod</Filter>
    </ClCompile>
    <ClCompile Include="CCore.cpp">
      <Filter>Client</Filter>
    </ClCompile>
    <ClCompile Include="CNetworkManager.cpp">
      <Filter>Network</Filter>
    </ClCompile>
    <ClCompile Include="CPlayerEntity.cpp">
      <Filter>Entity</Filter>
    </ClCompile>
    <ClCompile Include="CLocalPlayer.cpp">
      <Filter>Entity</Filter>
    </ClCompile>
    <ClCompile Include="CConfig.cpp">
      <Filter>Client</Filter>
    </ClCompile>
    <ClCompile Include="Scripts.cpp">
      <Filter>Game</Filter>
    </ClCompile>
    <ClCompile Include="ini.cpp">
      <Filter>Include\INIReader</Filter>
    </ClCompile>
    <ClCompile Include="IniReader.cpp">
      <Filter>Include\INIReader</Filter>
    </ClCompile>
    <ClCompile Include="Doors.cpp">
      <Filter>Game</Filter>
    </ClCompile>
    <ClCompile Include="Animations.cpp">
      <Filter>Game</Filter>
    </ClCompile>
    <ClCompile Include="RenderHandler.cpp">
      <Filter>Graphics\UI\CEF</Filter>
    </ClCompile>
    <ClCompile Include="CefRenderer.cpp">
      <Filter>Graphics\UI\CEF</Filter>
    </ClCompile>
    <ClCompile Include="DirectXDraw.cpp">
      <Filter>Graphics\DirectX 11</Filter>
    </ClCompile>
    <ClCompile Include="DirectXRenderer.cpp">
      <Filter>Graphics\DirectX 11</Filter>
    </ClCompile>
    <ClCompile Include="imgui\imgui.cpp">
      <Filter>Graphics\UI\ImGui</Filter>
    </ClCompile>
    <ClCompile Include="imgui\imgui_draw.cpp">
      <Filter>Graphics\UI\ImGui</Filter>
    </ClCompile>
    <ClCompile Include="imgui\imgui_impl_dx11.cpp">
      <Filter>Graphics\UI\ImGui</Filter>
    </ClCompile>
    <ClCompile Include="CVisual.cpp">
      <Filter>Client</Filter>
    </ClCompile>
    <ClCompile Include="CRPCManager.cpp">
      <Filter>Network</Filter>
    </ClCompile>
    <ClCompile Include="CRPCVisual.cpp">
      <Filter>Network\RPC</Filter>
    </ClCompile>
    <ClCompile Include="CVehicleEntity.cpp">
      <Filter>Entity</Filter>
    </ClCompile>
    <ClCompile Include="CRPCEntity.cpp">
      <Filter>Network\RPC</Filter>
    </ClCompile>
    <ClCompile Include="CServerEntity.cpp">
      <Filter>Entity</Filter>
    </ClCompile>
    <ClCompile Include="CRPCWorld.cpp">
      <Filter>Network\RPC</Filter>
    </ClCompile>
    <ClCompile Include="Ped.cpp">
      <Filter>Game</Filter>
    </ClCompile>
    <ClCompile Include="MemoryAccess.cpp">
      <Filter>Hooks\SudoMod\Custom</Filter>
    </ClCompile>
    <ClCompile Include="Vehicles.cpp">
      <Filter>Game</Filter>
    </ClCompile>
    <ClCompile Include="World.cpp">
      <Filter>Game</Filter>
    </ClCompile>
    <ClCompile Include="CRPCPlayer.cpp">
      <Filter>Network\RPC</Filter>
    </ClCompile>
    <ClCompile Include="CObjectEntity.cpp">
      <Filter>Entity</Filter>
    </ClCompile>
    <ClCompile Include="CRPCObject.cpp">
      <Filter>Network\RPC</Filter>
    </ClCompile>
    <ClCompile Include="CStreamer.cpp">
      <Filter>Client</Filter>
    </ClCompile>
  </ItemGroup>
  <ItemGroup>
    <ClInclude Include="stdafx.h">
      <Filter>Include</Filter>
    </ClInclude>
    <ClInclude Include="Hooking.h">
      <Filter>Hooks\SudoMod</Filter>
    </ClInclude>
    <ClInclude Include="NativeInvoker.h">
      <Filter>Hooks\SudoMod</Filter>
    </ClInclude>
    <ClInclude Include="Logger.h">
      <Filter>Hooks\SudoMod</Filter>
    </ClInclude>
    <ClInclude Include="Enums.h">
      <Filter>Hooks\SudoMod\Structs</Filter>
    </ClInclude>
    <ClInclude Include="Structs.h">
      <Filter>Hooks\SudoMod\Structs</Filter>
    </ClInclude>
    <ClInclude Include="Types.h">
      <Filter>Hooks\SudoMod\Structs</Filter>
    </ClInclude>
    <ClInclude Include="CrossMapping.h">
      <Filter>Hooks\SudoMod</Filter>
    </ClInclude>
    <ClInclude Include="Natives.h">
      <Filter>Hooks\SudoMod\Structs</Filter>
    </ClInclude>
    <ClInclude Include="NativeCaller.h">
      <Filter>Hooks\SudoMod</Filter>
    </ClInclude>
    <ClInclude Include="Memory.h">
      <Filter>Hooks\SudoMod</Filter>
    </ClInclude>
    <ClInclude Include="InputHook.h">
      <Filter>Hooks\SudoMod</Filter>
    </ClInclude>
    <ClInclude Include="Keyboard.h">
      <Filter>Hooks\SudoMod</Filter>
    </ClInclude>
    <ClInclude Include="Script.h">
      <Filter>Hooks\SudoMod</Filter>
    </ClInclude>
    <ClInclude Include="CCore.h">
      <Filter>Client</Filter>
    </ClInclude>
    <ClInclude Include="CNetworkManager.h">
      <Filter>Network</Filter>
    </ClInclude>
    <ClInclude Include="CPlayerEntity.h">
      <Filter>Entity</Filter>
    </ClInclude>
    <ClInclude Include="CLocalPlayer.h">
      <Filter>Entity</Filter>
    </ClInclude>
    <ClInclude Include="Scripts.h">
      <Filter>Game</Filter>
    </ClInclude>
    <ClInclude Include="CConfig.h">
      <Filter>Client</Filter>
    </ClInclude>
    <ClInclude Include="ini.h">
      <Filter>Include\INIReader</Filter>
    </ClInclude>
    <ClInclude Include="IniReader.h">
      <Filter>Include\INIReader</Filter>
    </ClInclude>
    <ClInclude Include="Doors.h">
      <Filter>Game</Filter>
    </ClInclude>
    <ClInclude Include="Animations.h">
      <Filter>Game</Filter>
    </ClInclude>
    <ClInclude Include="RenderHandler.h">
      <Filter>Graphics\UI\CEF</Filter>
    </ClInclude>
    <ClInclude Include="CefRenderer.h">
      <Filter>Graphics\UI\CEF</Filter>
    </ClInclude>
    <ClInclude Include="DirectXDraw.h">
      <Filter>Graphics\DirectX 11</Filter>
    </ClInclude>
    <ClInclude Include="DirectXRenderer.h">
      <Filter>Graphics\DirectX 11</Filter>
    </ClInclude>
    <ClInclude Include="imgui\imgui_internal.h">
      <Filter>Graphics\UI\ImGui</Filter>
    </ClInclude>
    <ClInclude Include="imgui\stb_rect_pack.h">
      <Filter>Graphics\UI\ImGui</Filter>
    </ClInclude>
    <ClInclude Include="imgui\stb_textedit.h">
      <Filter>Graphics\UI\ImGui</Filter>
    </ClInclude>
    <ClInclude Include="imgui\stb_truetype.h">
      <Filter>Graphics\UI\ImGui</Filter>
    </ClInclude>
    <ClInclude Include="imgui\imconfig.h">
      <Filter>Graphics\UI\ImGui</Filter>
    </ClInclude>
    <ClInclude Include="imgui\imgui.h">
      <Filter>Graphics\UI\ImGui</Filter>
    </ClInclude>
    <ClInclude Include="imgui\imgui_impl_dx11.h">
      <Filter>Graphics\UI\ImGui</Filter>
    </ClInclude>
    <ClInclude Include="CVisual.h">
      <Filter>Client</Filter>
    </ClInclude>
    <ClInclude Include="CRPCManager.h">
      <Filter>Network</Filter>
    </ClInclude>
    <ClInclude Include="CRPCVisual.h">
      <Filter>Network\RPC</Filter>
    </ClInclude>
    <ClInclude Include="CVehicleEntity.h">
      <Filter>Entity</Filter>
    </ClInclude>
    <ClInclude Include="CRPCEntity.h">
      <Filter>Network\RPC</Filter>
    </ClInclude>
    <ClInclude Include="CServerEntity.h">
      <Filter>Entity</Filter>
    </ClInclude>
    <ClInclude Include="CRPCWorld.h">
      <Filter>Network\RPC</Filter>
    </ClInclude>
    <ClInclude Include="Ped.h">
      <Filter>Game</Filter>
    </ClInclude>
    <ClInclude Include="MemoryAccess.h">
      <Filter>Hooks\SudoMod\Custom</Filter>
    </ClInclude>
    <ClInclude Include="Vehicles.h">
      <Filter>Game</Filter>
    </ClInclude>
    <ClInclude Include="World.h">
      <Filter>Game</Filter>
    </ClInclude>
    <ClInclude Include="CRPCPlayer.h">
      <Filter>Network\RPC</Filter>
    </ClInclude>
    <ClInclude Include="CObjectEntity.h">
      <Filter>Entity</Filter>
    </ClInclude>
    <ClInclude Include="CRPCObject.h">
      <Filter>Network\RPC</Filter>
    </ClInclude>
    <ClInclude Include="CStreamer.h">
      <Filter>Client</Filter>
    </ClInclude>
  </ItemGroup>
</Project>